
Microsoft Visual Studio Solution File, Format Version 12.00
# Visual Studio Version 17
VisualStudioVersion = 17.6.33723.286
MinimumVisualStudioVersion = 10.0.40219.1
Project("{8BC9CEB8-8B4A-11D0-8D11-00A0C91BC942}") = "libtestcpp", "libtestcpp\libtestcpp.vcxproj", "{5DE95E46-2D98-481D-B688-D3B535A33EDC}"
EndProject
Global
	GlobalSection(SolutionConfigurationPlatforms) = preSolution
		Debug|x64 = Debug|x64
		Debug|x86 = Debug|x86
		Release|x64 = Release|x64
		Release|x86 = Release|x86
	EndGlobalSection
	GlobalSection(ProjectConfigurationPlatforms) = postSolution
		{5DE95E46-2D98-481D-B688-D3B535A33EDC}.Debug|x64.ActiveCfg = Debug|x64
		{5DE95E46-2D98-481D-B688-D3B535A33EDC}.Debug|x64.Build.0 = Debug|x64
		{5DE95E46-2D98-481D-B688-D3B535A33EDC}.Debug|x86.ActiveCfg = Debug|Win32
		{5DE95E46-2D98-481D-B688-D3B535A33EDC}.Debug|x86.Build.0 = Debug|Win32
		{5DE95E46-2D98-481D-B688-D3B535A33EDC}.Release|x64.ActiveCfg = Release|x64
		{5DE95E46-2D98-481D-B688-D3B535A33EDC}.Release|x64.Build.0 = Release|x64
		{5DE95E46-2D98-481D-B688-D3B535A33EDC}.Release|x86.ActiveCfg = Release|Win32
		{5DE95E46-2D98-481D-B688-D3B535A33EDC}.Release|x86.Build.0 = Release|Win32
	EndGlobalSection
	GlobalSection(SolutionProperties) = preSolution
		HideSolutionNode = FALSE
	EndGlobalSection
	GlobalSection(ExtensibilityGlobals) = postSolution
		SolutionGuid = {F12865CB-1E5E-44B4-B922-0366E3942037}
	EndGlobalSection
EndGlobal
